
Microsoft Visual Studio Solution File, Format Version 12.00
# Visual Studio Version 16
VisualStudioVersion = 16.0.30114.105
MinimumVisualStudioVersion = 10.0.40219.1
Project("{8BC9CEB8-8B4A-11D0-8D11-00A0C91BC942}") = "ArrayFindEqualSum", "ArrayFindEqualSum\ArrayFindEqualSum.vcxproj", "{70F68515-6E32-4AC1-8FE7-FC6CB2FD16F5}"
EndProject
Project("{8BC9CEB8-8B4A-11D0-8D11-00A0C91BC942}") = "ArrayFindMajorityElement", "ArrayFindMajorityElement\ArrayFindMajorityElement.vcxproj", "{571B8163-F6AD-416B-9D9C-B1E027B5A5E1}"
EndProject
Project("{8BC9CEB8-8B4A-11D0-8D11-00A0C91BC942}") = "ArraySortingBasedOnAbsoluteValueTogether", "ArraySortingBasedOnAbsoluteValueTogether\ArraySortingBasedOnAbsoluteValueTogether.vcxproj", "{11037E80-3D9F-4472-9992-B11C92D18AC5}"
EndProject
Project("{8BC9CEB8-8B4A-11D0-8D11-00A0C91BC942}") = "FindEqualSumInArray", "FindEqualSumInArray\FindEqualSumInArray.vcxproj", "{BF9BDDFA-3231-4D32-B556-7EEDB880D501}"
EndProject
Global
	GlobalSection(SolutionConfigurationPlatforms) = preSolution
		Debug|x64 = Debug|x64
		Debug|x86 = Debug|x86
		Release|x64 = Release|x64
		Release|x86 = Release|x86
	EndGlobalSection
	GlobalSection(ProjectConfigurationPlatforms) = postSolution
		{70F68515-6E32-4AC1-8FE7-FC6CB2FD16F5}.Debug|x64.ActiveCfg = Debug|x64
		{70F68515-6E32-4AC1-8FE7-FC6CB2FD16F5}.Debug|x64.Build.0 = Debug|x64
		{70F68515-6E32-4AC1-8FE7-FC6CB2FD16F5}.Debug|x86.ActiveCfg = Debug|Win32
		{70F68515-6E32-4AC1-8FE7-FC6CB2FD16F5}.Debug|x86.Build.0 = Debug|Win32
		{70F68515-6E32-4AC1-8FE7-FC6CB2FD16F5}.Release|x64.ActiveCfg = Release|x64
		{70F68515-6E32-4AC1-8FE7-FC6CB2FD16F5}.Release|x64.Build.0 = Release|x64
		{70F68515-6E32-4AC1-8FE7-FC6CB2FD16F5}.Release|x86.ActiveCfg = Release|Win32
		{70F68515-6E32-4AC1-8FE7-FC6CB2FD16F5}.Release|x86.Build.0 = Release|Win32
		{571B8163-F6AD-416B-9D9C-B1E027B5A5E1}.Debug|x64.ActiveCfg = Debug|x64
		{571B8163-F6AD-416B-9D9C-B1E027B5A5E1}.Debug|x64.Build.0 = Debug|x64
		{571B8163-F6AD-416B-9D9C-B1E027B5A5E1}.Debug|x86.ActiveCfg = Debug|Win32
		{571B8163-F6AD-416B-9D9C-B1E027B5A5E1}.Debug|x86.Build.0 = Debug|Win32
		{571B8163-F6AD-416B-9D9C-B1E027B5A5E1}.Release|x64.ActiveCfg = Release|x64
		{571B8163-F6AD-416B-9D9C-B1E027B5A5E1}.Release|x64.Build.0 = Release|x64
		{571B8163-F6AD-416B-9D9C-B1E027B5A5E1}.Release|x86.ActiveCfg = Release|Win32
		{571B8163-F6AD-416B-9D9C-B1E027B5A5E1}.Release|x86.Build.0 = Release|Win32
		{11037E80-3D9F-4472-9992-B11C92D18AC5}.Debug|x64.ActiveCfg = Debug|x64
		{11037E80-3D9F-4472-9992-B11C92D18AC5}.Debug|x64.Build.0 = Debug|x64
		{11037E80-3D9F-4472-9992-B11C92D18AC5}.Debug|x86.ActiveCfg = Debug|Win32
		{11037E80-3D9F-4472-9992-B11C92D18AC5}.Debug|x86.Build.0 = Debug|Win32
		{11037E80-3D9F-4472-9992-B11C92D18AC5}.Release|x64.ActiveCfg = Release|x64
		{11037E80-3D9F-4472-9992-B11C92D18AC5}.Release|x64.Build.0 = Release|x64
		{11037E80-3D9F-4472-9992-B11C92D18AC5}.Release|x86.ActiveCfg = Release|Win32
		{11037E80-3D9F-4472-9992-B11C92D18AC5}.Release|x86.Build.0 = Release|Win32
		{BF9BDDFA-3231-4D32-B556-7EEDB880D501}.Debug|x64.ActiveCfg = Debug|x64
		{BF9BDDFA-3231-4D32-B556-7EEDB880D501}.Debug|x64.Build.0 = Debug|x64
		{BF9BDDFA-3231-4D32-B556-7EEDB880D501}.Debug|x86.ActiveCfg = Debug|Win32
		{BF9BDDFA-3231-4D32-B556-7EEDB880D501}.Debug|x86.Build.0 = Debug|Win32
		{BF9BDDFA-3231-4D32-B556-7EEDB880D501}.Release|x64.ActiveCfg = Release|x64
		{BF9BDDFA-3231-4D32-B556-7EEDB880D501}.Release|x64.Build.0 = Release|x64
		{BF9BDDFA-3231-4D32-B556-7EEDB880D501}.Release|x86.ActiveCfg = Release|Win32
		{BF9BDDFA-3231-4D32-B556-7EEDB880D501}.Release|x86.Build.0 = Release|Win32
	EndGlobalSection
	GlobalSection(SolutionProperties) = preSolution
		HideSolutionNode = FALSE
	EndGlobalSection
	GlobalSection(ExtensibilityGlobals) = postSolution
		SolutionGuid = {F47092A0-D07C-4A9C-B27C-09E8612751F9}
	EndGlobalSection
EndGlobal
