
Microsoft Visual Studio Solution File, Format Version 12.00
# Visual Studio Version 16
VisualStudioVersion = 16.0.30114.105
MinimumVisualStudioVersion = 10.0.40219.1
Project("{8BC9CEB8-8B4A-11D0-8D11-00A0C91BC942}") = "array", "array\Array.vcxproj", "{1B7586F9-D2BE-44B4-AE2E-62EA355C08FC}"
EndProject
Project("{8BC9CEB8-8B4A-11D0-8D11-00A0C91BC942}") = "c++11_bind", "c++11_bind\c++11_bind.vcxproj", "{4841C1B5-A0CD-4B5E-90C3-3C0FB5BEE552}"
EndProject
Project("{8BC9CEB8-8B4A-11D0-8D11-00A0C91BC942}") = "string", "constexpr_decltype\constexpr_decltype.vcxproj", "{C2D0F0BD-C1A1-468D-B70F-127CAD37C274}"
EndProject
Project("{8BC9CEB8-8B4A-11D0-8D11-00A0C91BC942}") = "exception", "exception\Exception.vcxproj", "{2F92EF88-95E1-4E4C-86F5-15C266375FC1}"
EndProject
Project("{8BC9CEB8-8B4A-11D0-8D11-00A0C91BC942}") = "lambda", "lambda\lambda.vcxproj", "{0403E3CD-1CD6-4C10-9A3D-B2E658FD85D7}"
EndProject
Project("{8BC9CEB8-8B4A-11D0-8D11-00A0C91BC942}") = "vector", "vector\vector.vcxproj", "{E8CAF0D8-DD0E-4ECB-A42D-BE34E99E5C8B}"
EndProject
Project("{8BC9CEB8-8B4A-11D0-8D11-00A0C91BC942}") = "shared_pointer", "..\shared_pointer\shared_pointer.vcxproj", "{26437203-0C5E-4972-ADEB-A643BB2E5E13}"
EndProject
Project("{8BC9CEB8-8B4A-11D0-8D11-00A0C91BC942}") = "SpecialArray", "..\SpecialArray\SpecialArray.vcxproj", "{94152C09-7776-49C4-9962-8640299ADE4A}"
EndProject
Project("{8BC9CEB8-8B4A-11D0-8D11-00A0C91BC942}") = "ReadingUnknownNumOfInput", "..\ReadingUnknownNumOfInput\ReadingUnknownNumOfInput.vcxproj", "{57F994A4-95FE-4E4B-B3B3-84D06D7C43FC}"
EndProject
Global
	GlobalSection(SolutionConfigurationPlatforms) = preSolution
		Debug|x64 = Debug|x64
		Debug|x86 = Debug|x86
		Release|x64 = Release|x64
		Release|x86 = Release|x86
	EndGlobalSection
	GlobalSection(ProjectConfigurationPlatforms) = postSolution
		{1B7586F9-D2BE-44B4-AE2E-62EA355C08FC}.Debug|x64.ActiveCfg = Debug|x64
		{1B7586F9-D2BE-44B4-AE2E-62EA355C08FC}.Debug|x64.Build.0 = Debug|x64
		{1B7586F9-D2BE-44B4-AE2E-62EA355C08FC}.Debug|x86.ActiveCfg = Debug|Win32
		{1B7586F9-D2BE-44B4-AE2E-62EA355C08FC}.Debug|x86.Build.0 = Debug|Win32
		{1B7586F9-D2BE-44B4-AE2E-62EA355C08FC}.Release|x64.ActiveCfg = Release|x64
		{1B7586F9-D2BE-44B4-AE2E-62EA355C08FC}.Release|x64.Build.0 = Release|x64
		{1B7586F9-D2BE-44B4-AE2E-62EA355C08FC}.Release|x86.ActiveCfg = Release|Win32
		{1B7586F9-D2BE-44B4-AE2E-62EA355C08FC}.Release|x86.Build.0 = Release|Win32
		{4841C1B5-A0CD-4B5E-90C3-3C0FB5BEE552}.Debug|x64.ActiveCfg = Debug|x64
		{4841C1B5-A0CD-4B5E-90C3-3C0FB5BEE552}.Debug|x64.Build.0 = Debug|x64
		{4841C1B5-A0CD-4B5E-90C3-3C0FB5BEE552}.Debug|x86.ActiveCfg = Debug|Win32
		{4841C1B5-A0CD-4B5E-90C3-3C0FB5BEE552}.Debug|x86.Build.0 = Debug|Win32
		{4841C1B5-A0CD-4B5E-90C3-3C0FB5BEE552}.Release|x64.ActiveCfg = Release|x64
		{4841C1B5-A0CD-4B5E-90C3-3C0FB5BEE552}.Release|x64.Build.0 = Release|x64
		{4841C1B5-A0CD-4B5E-90C3-3C0FB5BEE552}.Release|x86.ActiveCfg = Release|Win32
		{4841C1B5-A0CD-4B5E-90C3-3C0FB5BEE552}.Release|x86.Build.0 = Release|Win32
		{C2D0F0BD-C1A1-468D-B70F-127CAD37C274}.Debug|x64.ActiveCfg = Debug|x64
		{C2D0F0BD-C1A1-468D-B70F-127CAD37C274}.Debug|x64.Build.0 = Debug|x64
		{C2D0F0BD-C1A1-468D-B70F-127CAD37C274}.Debug|x86.ActiveCfg = Debug|Win32
		{C2D0F0BD-C1A1-468D-B70F-127CAD37C274}.Debug|x86.Build.0 = Debug|Win32
		{C2D0F0BD-C1A1-468D-B70F-127CAD37C274}.Release|x64.ActiveCfg = Release|x64
		{C2D0F0BD-C1A1-468D-B70F-127CAD37C274}.Release|x64.Build.0 = Release|x64
		{C2D0F0BD-C1A1-468D-B70F-127CAD37C274}.Release|x86.ActiveCfg = Release|Win32
		{C2D0F0BD-C1A1-468D-B70F-127CAD37C274}.Release|x86.Build.0 = Release|Win32
		{2F92EF88-95E1-4E4C-86F5-15C266375FC1}.Debug|x64.ActiveCfg = Debug|x64
		{2F92EF88-95E1-4E4C-86F5-15C266375FC1}.Debug|x64.Build.0 = Debug|x64
		{2F92EF88-95E1-4E4C-86F5-15C266375FC1}.Debug|x86.ActiveCfg = Debug|Win32
		{2F92EF88-95E1-4E4C-86F5-15C266375FC1}.Debug|x86.Build.0 = Debug|Win32
		{2F92EF88-95E1-4E4C-86F5-15C266375FC1}.Release|x64.ActiveCfg = Release|x64
		{2F92EF88-95E1-4E4C-86F5-15C266375FC1}.Release|x64.Build.0 = Release|x64
		{2F92EF88-95E1-4E4C-86F5-15C266375FC1}.Release|x86.ActiveCfg = Release|Win32
		{2F92EF88-95E1-4E4C-86F5-15C266375FC1}.Release|x86.Build.0 = Release|Win32
		{0403E3CD-1CD6-4C10-9A3D-B2E658FD85D7}.Debug|x64.ActiveCfg = Debug|x64
		{0403E3CD-1CD6-4C10-9A3D-B2E658FD85D7}.Debug|x64.Build.0 = Debug|x64
		{0403E3CD-1CD6-4C10-9A3D-B2E658FD85D7}.Debug|x86.ActiveCfg = Debug|Win32
		{0403E3CD-1CD6-4C10-9A3D-B2E658FD85D7}.Debug|x86.Build.0 = Debug|Win32
		{0403E3CD-1CD6-4C10-9A3D-B2E658FD85D7}.Release|x64.ActiveCfg = Release|x64
		{0403E3CD-1CD6-4C10-9A3D-B2E658FD85D7}.Release|x64.Build.0 = Release|x64
		{0403E3CD-1CD6-4C10-9A3D-B2E658FD85D7}.Release|x86.ActiveCfg = Release|Win32
		{0403E3CD-1CD6-4C10-9A3D-B2E658FD85D7}.Release|x86.Build.0 = Release|Win32
		{E8CAF0D8-DD0E-4ECB-A42D-BE34E99E5C8B}.Debug|x64.ActiveCfg = Debug|x64
		{E8CAF0D8-DD0E-4ECB-A42D-BE34E99E5C8B}.Debug|x64.Build.0 = Debug|x64
		{E8CAF0D8-DD0E-4ECB-A42D-BE34E99E5C8B}.Debug|x86.ActiveCfg = Debug|Win32
		{E8CAF0D8-DD0E-4ECB-A42D-BE34E99E5C8B}.Debug|x86.Build.0 = Debug|Win32
		{E8CAF0D8-DD0E-4ECB-A42D-BE34E99E5C8B}.Release|x64.ActiveCfg = Release|x64
		{E8CAF0D8-DD0E-4ECB-A42D-BE34E99E5C8B}.Release|x64.Build.0 = Release|x64
		{E8CAF0D8-DD0E-4ECB-A42D-BE34E99E5C8B}.Release|x86.ActiveCfg = Release|Win32
		{E8CAF0D8-DD0E-4ECB-A42D-BE34E99E5C8B}.Release|x86.Build.0 = Release|Win32
		{26437203-0C5E-4972-ADEB-A643BB2E5E13}.Debug|x64.ActiveCfg = Debug|x64
		{26437203-0C5E-4972-ADEB-A643BB2E5E13}.Debug|x64.Build.0 = Debug|x64
		{26437203-0C5E-4972-ADEB-A643BB2E5E13}.Debug|x86.ActiveCfg = Debug|Win32
		{26437203-0C5E-4972-ADEB-A643BB2E5E13}.Debug|x86.Build.0 = Debug|Win32
		{26437203-0C5E-4972-ADEB-A643BB2E5E13}.Release|x64.ActiveCfg = Release|x64
		{26437203-0C5E-4972-ADEB-A643BB2E5E13}.Release|x64.Build.0 = Release|x64
		{26437203-0C5E-4972-ADEB-A643BB2E5E13}.Release|x86.ActiveCfg = Release|Win32
		{26437203-0C5E-4972-ADEB-A643BB2E5E13}.Release|x86.Build.0 = Release|Win32
		{94152C09-7776-49C4-9962-8640299ADE4A}.Debug|x64.ActiveCfg = Debug|x64
		{94152C09-7776-49C4-9962-8640299ADE4A}.Debug|x64.Build.0 = Debug|x64
		{94152C09-7776-49C4-9962-8640299ADE4A}.Debug|x86.ActiveCfg = Debug|Win32
		{94152C09-7776-49C4-9962-8640299ADE4A}.Debug|x86.Build.0 = Debug|Win32
		{94152C09-7776-49C4-9962-8640299ADE4A}.Release|x64.ActiveCfg = Release|x64
		{94152C09-7776-49C4-9962-8640299ADE4A}.Release|x64.Build.0 = Release|x64
		{94152C09-7776-49C4-9962-8640299ADE4A}.Release|x86.ActiveCfg = Release|Win32
		{94152C09-7776-49C4-9962-8640299ADE4A}.Release|x86.Build.0 = Release|Win32
		{57F994A4-95FE-4E4B-B3B3-84D06D7C43FC}.Debug|x64.ActiveCfg = Debug|x64
		{57F994A4-95FE-4E4B-B3B3-84D06D7C43FC}.Debug|x64.Build.0 = Debug|x64
		{57F994A4-95FE-4E4B-B3B3-84D06D7C43FC}.Debug|x86.ActiveCfg = Debug|Win32
		{57F994A4-95FE-4E4B-B3B3-84D06D7C43FC}.Debug|x86.Build.0 = Debug|Win32
		{57F994A4-95FE-4E4B-B3B3-84D06D7C43FC}.Release|x64.ActiveCfg = Release|x64
		{57F994A4-95FE-4E4B-B3B3-84D06D7C43FC}.Release|x64.Build.0 = Release|x64
		{57F994A4-95FE-4E4B-B3B3-84D06D7C43FC}.Release|x86.ActiveCfg = Release|Win32
		{57F994A4-95FE-4E4B-B3B3-84D06D7C43FC}.Release|x86.Build.0 = Release|Win32
	EndGlobalSection
	GlobalSection(SolutionProperties) = preSolution
		HideSolutionNode = FALSE
	EndGlobalSection
	GlobalSection(ExtensibilityGlobals) = postSolution
		SolutionGuid = {2F0C3039-83CC-4432-9D2C-FD20698B9CC0}
	EndGlobalSection
EndGlobal
